{
  "requires": true,
  "lockfileVersion": 1,
  "dependencies": {
    "consola": {
      "version": "2.15.0",
      "resolved": "https://registry.npmjs.org/consola/-/consola-2.15.0.tgz",
      "integrity": "sha512-vlcSGgdYS26mPf7qNi+dCisbhiyDnrN1zaRbw3CSuc2wGOMEGGPsp46PdRG5gqXwgtJfjxDkxRNAgRPr1B77vQ=="
    }
  }
}
